<Solution>
  <Folder Name="/Solution Items/">
    <File Path=".editorconfig" />
    <File Path="Directory.Build.props" />
  </Folder>
  <Folder Name="/src/">
    <Project Path="ProductCatalog.Api/ProductCatalog.Api.csproj" />
  </Folder>
  <Folder Name="/test/">
    <Project Path="ProductCatalog.UnitTests/ProductCatalog.UnitTests.csproj" Id="c2dd6852-b7aa-4c00-8a9d-a5a3bd7a3e10" />
  </Folder>
</Solution>
